
Microsoft Visual Studio Solution File, Format Version 12.00
# Visual Studio Version 16
VisualStudioVersion = 16.0.31321.278
MinimumVisualStudioVersion = 10.0.40219.1
Project("{9A19103F-16F7-4668-BE54-9A1E7A4F7556}") = "eShop.WebApp", "eShop.WebApp\eShop.WebApp.csproj", "{5CF70FFF-DF5A-478B-9CD6-4952C711DF95}"
EndProject
Project("{9A19103F-16F7-4668-BE54-9A1E7A4F7556}") = "eShop.Data", "eShop.Data\eShop.Data.csproj", "{3F4B0973-40CB-46DD-86B4-B0E0C5C4E536}"
EndProject
Project("{9A19103F-16F7-4668-BE54-9A1E7A4F7556}") = "eShop.Application", "eShop.Application\eShop.Application.csproj", "{08439229-3A50-4F48-A024-AED0D4C31F2D}"
EndProject
Project("{9A19103F-16F7-4668-BE54-9A1E7A4F7556}") = "eShop.ViewModels", "eShop.ViewModels\eShop.ViewModels.csproj", "{68B3E759-DFB5-4C80-98C1-86712AC65E05}"
EndProject
Project("{9A19103F-16F7-4668-BE54-9A1E7A4F7556}") = "eShop.Utilities", "eShop.Utilities\eShop.Utilities.csproj", "{4A4C3224-869F-42B3-8F25-EC31A1B6A518}"
EndProject
Project("{9A19103F-16F7-4668-BE54-9A1E7A4F7556}") = "eShop.BackendApi", "eShop.BackendApi\eShop.BackendApi.csproj", "{F66F4BDE-7512-4493-8B23-5CDAB3D74C66}"
EndProject
Project("{2150E333-8FDC-42A3-9474-1A3956D46DE8}") = "1.Infrastructure", "1.Infrastructure", "{CB67A88D-D344-4D9E-89B9-0D5725D03298}"
EndProject
Project("{2150E333-8FDC-42A3-9474-1A3956D46DE8}") = "2.Domain", "2.Domain", "{095F3476-A003-41C2-971F-00923C15E0AA}"
EndProject
Project("{2150E333-8FDC-42A3-9474-1A3956D46DE8}") = "3.Hosts", "3.Hosts", "{D2B30BA7-1E3C-4099-B71D-D6861833F3D0}"
EndProject
Project("{FAE04EC0-301F-11D3-BF4B-00C04F79EFBC}") = "eShop.AdminApp", "eShop.AdminApp\eShop.AdminApp.csproj", "{9E4ADB76-5A77-4A83-A5C2-C9337D19444F}"
EndProject
Project("{FAE04EC0-301F-11D3-BF4B-00C04F79EFBC}") = "eShop.ApiIntegration", "eShop.ApiIntegration\eShop.ApiIntegration.csproj", "{E7E6ED2A-0297-4630-9AA4-626FB7C0C334}"
EndProject
Global
	GlobalSection(SolutionConfigurationPlatforms) = preSolution
		Debug|Any CPU = Debug|Any CPU
		Release|Any CPU = Release|Any CPU
	EndGlobalSection
	GlobalSection(ProjectConfigurationPlatforms) = postSolution
		{5CF70FFF-DF5A-478B-9CD6-4952C711DF95}.Debug|Any CPU.ActiveCfg = Debug|Any CPU
		{5CF70FFF-DF5A-478B-9CD6-4952C711DF95}.Debug|Any CPU.Build.0 = Debug|Any CPU
		{5CF70FFF-DF5A-478B-9CD6-4952C711DF95}.Release|Any CPU.ActiveCfg = Release|Any CPU
		{5CF70FFF-DF5A-478B-9CD6-4952C711DF95}.Release|Any CPU.Build.0 = Release|Any CPU
		{3F4B0973-40CB-46DD-86B4-B0E0C5C4E536}.Debug|Any CPU.ActiveCfg = Debug|Any CPU
		{3F4B0973-40CB-46DD-86B4-B0E0C5C4E536}.Debug|Any CPU.Build.0 = Debug|Any CPU
		{3F4B0973-40CB-46DD-86B4-B0E0C5C4E536}.Release|Any CPU.ActiveCfg = Release|Any CPU
		{3F4B0973-40CB-46DD-86B4-B0E0C5C4E536}.Release|Any CPU.Build.0 = Release|Any CPU
		{08439229-3A50-4F48-A024-AED0D4C31F2D}.Debug|Any CPU.ActiveCfg = Debug|Any CPU
		{08439229-3A50-4F48-A024-AED0D4C31F2D}.Debug|Any CPU.Build.0 = Debug|Any CPU
		{08439229-3A50-4F48-A024-AED0D4C31F2D}.Release|Any CPU.ActiveCfg = Release|Any CPU
		{08439229-3A50-4F48-A024-AED0D4C31F2D}.Release|Any CPU.Build.0 = Release|Any CPU
		{68B3E759-DFB5-4C80-98C1-86712AC65E05}.Debug|Any CPU.ActiveCfg = Debug|Any CPU
		{68B3E759-DFB5-4C80-98C1-86712AC65E05}.Debug|Any CPU.Build.0 = Debug|Any CPU
		{68B3E759-DFB5-4C80-98C1-86712AC65E05}.Release|Any CPU.ActiveCfg = Release|Any CPU
		{68B3E759-DFB5-4C80-98C1-86712AC65E05}.Release|Any CPU.Build.0 = Release|Any CPU
		{4A4C3224-869F-42B3-8F25-EC31A1B6A518}.Debug|Any CPU.ActiveCfg = Debug|Any CPU
		{4A4C3224-869F-42B3-8F25-EC31A1B6A518}.Debug|Any CPU.Build.0 = Debug|Any CPU
		{4A4C3224-869F-42B3-8F25-EC31A1B6A518}.Release|Any CPU.ActiveCfg = Release|Any CPU
		{4A4C3224-869F-42B3-8F25-EC31A1B6A518}.Release|Any CPU.Build.0 = Release|Any CPU
		{F66F4BDE-7512-4493-8B23-5CDAB3D74C66}.Debug|Any CPU.ActiveCfg = Debug|Any CPU
		{F66F4BDE-7512-4493-8B23-5CDAB3D74C66}.Debug|Any CPU.Build.0 = Debug|Any CPU
		{F66F4BDE-7512-4493-8B23-5CDAB3D74C66}.Release|Any CPU.ActiveCfg = Release|Any CPU
		{F66F4BDE-7512-4493-8B23-5CDAB3D74C66}.Release|Any CPU.Build.0 = Release|Any CPU
		{9E4ADB76-5A77-4A83-A5C2-C9337D19444F}.Debug|Any CPU.ActiveCfg = Debug|Any CPU
		{9E4ADB76-5A77-4A83-A5C2-C9337D19444F}.Debug|Any CPU.Build.0 = Debug|Any CPU
		{9E4ADB76-5A77-4A83-A5C2-C9337D19444F}.Release|Any CPU.ActiveCfg = Release|Any CPU
		{9E4ADB76-5A77-4A83-A5C2-C9337D19444F}.Release|Any CPU.Build.0 = Release|Any CPU
		{E7E6ED2A-0297-4630-9AA4-626FB7C0C334}.Debug|Any CPU.ActiveCfg = Debug|Any CPU
		{E7E6ED2A-0297-4630-9AA4-626FB7C0C334}.Debug|Any CPU.Build.0 = Debug|Any CPU
		{E7E6ED2A-0297-4630-9AA4-626FB7C0C334}.Release|Any CPU.ActiveCfg = Release|Any CPU
		{E7E6ED2A-0297-4630-9AA4-626FB7C0C334}.Release|Any CPU.Build.0 = Release|Any CPU
	EndGlobalSection
	GlobalSection(SolutionProperties) = preSolution
		HideSolutionNode = FALSE
	EndGlobalSection
	GlobalSection(NestedProjects) = preSolution
		{5CF70FFF-DF5A-478B-9CD6-4952C711DF95} = {D2B30BA7-1E3C-4099-B71D-D6861833F3D0}
		{3F4B0973-40CB-46DD-86B4-B0E0C5C4E536} = {095F3476-A003-41C2-971F-00923C15E0AA}
		{08439229-3A50-4F48-A024-AED0D4C31F2D} = {095F3476-A003-41C2-971F-00923C15E0AA}
		{68B3E759-DFB5-4C80-98C1-86712AC65E05} = {CB67A88D-D344-4D9E-89B9-0D5725D03298}
		{4A4C3224-869F-42B3-8F25-EC31A1B6A518} = {CB67A88D-D344-4D9E-89B9-0D5725D03298}
		{F66F4BDE-7512-4493-8B23-5CDAB3D74C66} = {D2B30BA7-1E3C-4099-B71D-D6861833F3D0}
		{9E4ADB76-5A77-4A83-A5C2-C9337D19444F} = {D2B30BA7-1E3C-4099-B71D-D6861833F3D0}
		{E7E6ED2A-0297-4630-9AA4-626FB7C0C334} = {D2B30BA7-1E3C-4099-B71D-D6861833F3D0}
	EndGlobalSection
	GlobalSection(ExtensibilityGlobals) = postSolution
		SolutionGuid = {3D4C8C57-73FE-4890-8087-3C16BD49F813}
	EndGlobalSection
EndGlobal
